
Microsoft Visual Studio Solution File, Format Version 12.00
# Visual Studio Version 16
VisualStudioVersion = 16.0.32630.194
MinimumVisualStudioVersion = 10.0.40219.1
Project("{FAE04EC0-301F-11D3-BF4B-00C04F79EFBC}") = "WSA", "WSA\WSA.csproj", "{A9ADEC2B-D3E9-42AB-883C-F1EC7B30426B}"
EndProject
Project("{54435603-DBB4-11D2-8724-00A0C9A8B90C}") = "AWS", "AWS\AWS.vdproj", "{227CCC36-20FD-45E4-9F68-9283A71F756B}"
EndProject
Global
	GlobalSection(SolutionConfigurationPlatforms) = preSolution
		Debug|Any CPU = Debug|Any CPU
		Release|Any CPU = Release|Any CPU
	EndGlobalSection
	GlobalSection(ProjectConfigurationPlatforms) = postSolution
		{A9ADEC2B-D3E9-42AB-883C-F1EC7B30426B}.Debug|Any CPU.ActiveCfg = Debug|Any CPU
		{A9ADEC2B-D3E9-42AB-883C-F1EC7B30426B}.Debug|Any CPU.Build.0 = Debug|Any CPU
		{A9ADEC2B-D3E9-42AB-883C-F1EC7B30426B}.Release|Any CPU.ActiveCfg = Release|Any CPU
		{A9ADEC2B-D3E9-42AB-883C-F1EC7B30426B}.Release|Any CPU.Build.0 = Release|Any CPU
		{227CCC36-20FD-45E4-9F68-9283A71F756B}.Debug|Any CPU.ActiveCfg = Debug
		{227CCC36-20FD-45E4-9F68-9283A71F756B}.Release|Any CPU.ActiveCfg = Release
	EndGlobalSection
	GlobalSection(SolutionProperties) = preSolution
		HideSolutionNode = FALSE
	EndGlobalSection
	GlobalSection(ExtensibilityGlobals) = postSolution
		SolutionGuid = {70BA79EE-30F2-4848-A700-881A936ECA93}
	EndGlobalSection
EndGlobal
